{
  "nodes": {
    "crate2nix": {
      "flake": false,
      "locked": {
        "lastModified": 1658336336,
        "narHash": "sha256-SJTBwZ/RYBP5ZcHMXXHBprj1z9hWStQ98p/v7naiFvo=",
        "owner": "kolloch",
        "repo": "crate2nix",
        "rev": "9797a9f47b673fab90c24e74ffe3c114d72121ca",
        "type": "github"
      },
      "original": {
        "owner": "kolloch",
        "repo": "crate2nix",
        "type": "github"
      }
    },
    "flake-utils": {
      "locked": {
        "lastModified": 1656928814,
        "narHash": "sha256-RIFfgBuKz6Hp89yRr7+NR5tzIAbn52h8vT6vXkYjZoM=",
        "owner": "numtide",
        "repo": "flake-utils",
        "rev": "7e2a3b3dfd9af950a856d66b0a7d01e3c18aa249",
        "type": "github"
      },
      "original": {
        "owner": "numtide",
        "repo": "flake-utils",
        "type": "github"
      }
    },
    "nix-alacarte": {
      "inputs": {
        "dnm": [],
        "flake-utils": "flake-utils",
        "nixpkgs": [
          "nixpkgs"
        ],
        "overlayln": "overlayln"
      },
      "locked": {
        "lastModified": 1664832093,
        "narHash": "sha256-O9NHGKKbz7kyuZkX+l7AMAK8SGTywblCgp35avxaOG4=",
        "owner": "ilkecan",
        "repo": "nix-alacarte",
        "rev": "37f10a31fb491f6c203dd1490fe82922630ad7e6",
        "type": "github"
      },
      "original": {
        "owner": "ilkecan",
        "repo": "nix-alacarte",
        "type": "github"
      }
    },
    "nix-filter": {
      "locked": {
        "lastModified": 1653590866,
        "narHash": "sha256-E4yKIrt/S//WfW5D9IhQ1dVuaAy8RE7EiCMfnbrOC78=",
        "owner": "numtide",
        "repo": "nix-filter",
        "rev": "3e81a637cdf9f6e9b39aeb4d6e6394d1ad158e16",
        "type": "github"
      },
      "original": {
        "owner": "numtide",
        "repo": "nix-filter",
        "type": "github"
      }
    },
    "nixpkgs": {
      "locked": {
        "lastModified": 1661617163,
        "narHash": "sha256-NN9Ky47j8ohgPhA9JZyfkYIbbAo6RJkGz+7h8/exVpE=",
        "owner": "NixOS",
        "repo": "nixpkgs",
        "rev": "0ba2543f8c855d7be8e90ef6c8dc89c1617e8a08",
        "type": "github"
      },
      "original": {
        "id": "nixpkgs",
        "ref": "nixos-22.05",
        "type": "indirect"
      }
    },
    "overlayln": {
      "inputs": {
        "crate2nix": "crate2nix",
        "flake-utils": [
          "nix-alacarte",
          "flake-utils"
        ],
        "nix-alacarte": [
          "nix-alacarte"
        ],
        "nix-filter": "nix-filter",
        "nixpkgs": [
          "nix-alacarte",
          "nixpkgs"
        ]
      },
      "locked": {
        "lastModified": 1664150943,
        "narHash": "sha256-8+daODf6qDjt9Qp6oiZog3UqqxKNB/8eQbPOOm0iaiU=",
        "owner": "ilkecan",
        "repo": "overlayln",
        "rev": "abe0910904272420da8289518422b25a46dc5b43",
        "type": "github"
      },
      "original": {
        "owner": "ilkecan",
        "repo": "overlayln",
        "type": "github"
      }
    },
    "root": {
      "inputs": {
        "nix-alacarte": "nix-alacarte",
        "nixpkgs": "nixpkgs"
      }
    }
  },
  "root": "root",
  "version": 7
}
